
Microsoft Visual Studio Solution File, Format Version 12.00
# Visual Studio Version 16
VisualStudioVersion = 16.0.31105.61
MinimumVisualStudioVersion = 10.0.40219.1
Project("{FAE04EC0-301F-11D3-BF4B-00C04F79EFBC}") = "DeskBooker.Core.Test", "DeskBooker.Core.Test\DeskBooker.Core.Test.csproj", "{1DB65786-CA85-4599-B4F5-78E9C45C9E3E}"
EndProject
Project("{FAE04EC0-301F-11D3-BF4B-00C04F79EFBC}") = "DeskBooker.Core", "DeskBooker.Core\DeskBooker.Core.csproj", "{39E3475A-3068-4842-B0A3-21AB20F40B0A}"
EndProject
Global
	GlobalSection(SolutionConfigurationPlatforms) = preSolution
		Debug|Any CPU = Debug|Any CPU
		Release|Any CPU = Release|Any CPU
	EndGlobalSection
	GlobalSection(ProjectConfigurationPlatforms) = postSolution
		{1DB65786-CA85-4599-B4F5-78E9C45C9E3E}.Debug|Any CPU.ActiveCfg = Debug|Any CPU
		{1DB65786-CA85-4599-B4F5-78E9C45C9E3E}.Debug|Any CPU.Build.0 = Debug|Any CPU
		{1DB65786-CA85-4599-B4F5-78E9C45C9E3E}.Release|Any CPU.ActiveCfg = Release|Any CPU
		{1DB65786-CA85-4599-B4F5-78E9C45C9E3E}.Release|Any CPU.Build.0 = Release|Any CPU
		{39E3475A-3068-4842-B0A3-21AB20F40B0A}.Debug|Any CPU.ActiveCfg = Debug|Any CPU
		{39E3475A-3068-4842-B0A3-21AB20F40B0A}.Debug|Any CPU.Build.0 = Debug|Any CPU
		{39E3475A-3068-4842-B0A3-21AB20F40B0A}.Release|Any CPU.ActiveCfg = Release|Any CPU
		{39E3475A-3068-4842-B0A3-21AB20F40B0A}.Release|Any CPU.Build.0 = Release|Any CPU
	EndGlobalSection
	GlobalSection(SolutionProperties) = preSolution
		HideSolutionNode = FALSE
	EndGlobalSection
	GlobalSection(ExtensibilityGlobals) = postSolution
		SolutionGuid = {351BDDE1-90EF-4999-8B79-38B7B8D992B2}
	EndGlobalSection
EndGlobal
